version: 1
checksums:
  bc34d686b18ce67724a1d370abcad390:
    common/add: 87c4a663507f2bcbbf79934af8164e13
    common/cancel: 2e2a849c2223911717de8caa2c71bade
    common/create: 757ccd28dd533ff3a933355273c1e32a
    common/edit: eee7f39ff90b18852afc1671f21fbaa9
    common/delete: 8bcf303dd10a645b5baacb02b47d72c9
    common/close: 2c2e22f8424a1031de89063bd0022e16
    common/loading: 82b4ea7ed1439094d7c4be13aaba9a66
    common/errors/logoutFailed: ca0e1b37b2c1ff30983b4e74e4b4288d
    login/title: d3272e371483f59766366d6bf75cb497
    login/logoAlt: da44d5e92e4b09c500f04c8dc4de120f
    login/usernameLabel: 2ee65bc2dd2f12cf2672f95b2a054bf8
    login/usernamePlaceholder: 2ee65bc2dd2f12cf2672f95b2a054bf8
    login/passwordLabel: 223a61cf906ab9c40d22612c588dff48
    login/passwordPlaceholder: 223a61cf906ab9c40d22612c588dff48
    login/submit: f4f219abeb5a465ecb1c7efaf50246de
    admin/title: fe42f97809c24d700d3912c8d02ed452
    admin/createUser: e1860f28356632238cd5938ecbad783c
    admin/deleted: 2b2a00f3832bc7ebbd90d5b8443ee97d
    admin/userActions: af17d84a359aa06a408f34b246a069d9
    admin/table/username: b22f1bf369cd97e8de26f32e09b3b486
    admin/table/admin: 90eb20f1400db82ab874744e47836dc6
    admin/table/action: c92af0bdf1698b0d10cf5b28d2ad4945
    errors/api/unknown: f10a96173c4b89644adc5e6712330707
    errors/api/serverCommunication: 3407389014c45219bc51a7937b5d37ea
    errors/api/validation: b93155c50334ecb32412c9c912f5d4c1
    errors/api/auth/loginServer: 20beb19a86b2fbc042d596a010130485
    errors/api/auth/invalidCredentials: 8784e8d9ec4dcc880c16a1586ac014e8
    errors/api/auth/existingPasswordIncorrect: 5c467357643c6b0d9f38fe30395475ac
    errors/api/item/duplicate: db37b03146094a6db6348c3dd384ced9
    errors/api/item/createPermission: 500f74d689f7615c7083d21c7a2ed9b3
    errors/api/item/updatePermission: f92a8bfcbc76d4429f1af3ceec7cb187
    errors/api/item/deletePermission: 089bd48985efc26541c484a39c5525f5
    errors/api/item/metaImagePermission: c3c0405411cb26221f19e68911be9f4a
    errors/api/tag/duplicate: db53eba40045474bafc80658608d0527
    errors/api/tag/createPermission: 06c62722215d292ce0b11662feb22d6a
    errors/api/tag/updatePermission: c8da951f0037c98537913e8c096d8c6d
    errors/api/tag/deletePermission: 79ea2d29d2aad3f3f30df4a8181eeccf
    errors/api/user/duplicate: db0037efc888785f95612b44a18148b3
    errors/api/workspace/updatePermission: 6c877aba5197e68edb04af821670ec65
    errors/api/workspace/deletePermission: b20a4c7588154cb9c95edebeb4eda28a
    errors/api/workspace/usernameNotFound: e74e5bfb0601cb3eb243a89cc38ccdf9
    navbar/add: 87c4a663507f2bcbbf79934af8164e13
    navbar/search: 49dd6c21604b5e8d4153ff1aff2177e1
    navbar/searchPlaceholder: 49dd6c21604b5e8d4153ff1aff2177e1
    navbar/searchButton: 49dd6c21604b5e8d4153ff1aff2177e1
    navbar/preferences: e3f4cfb8373d2b888a0c38e743de0e19
    navbar/adminPanel: e4c5aafbf4a998748474b176fc84bfa8
    navbar/logout: 07948fdf20705e04a7bf68ab197512bf
    navbar/addMenu/item: f8b0dbbe365c79a745d61808f8ca1eab
    navbar/addMenu/tag: 924d12caa9981ef5859395382497d101
    navbar/addMenu/workspace: b63ef0e99ee6f7fef6cbe4971ca6cf0f
    navbar/sort/label: d6509d6f376ba99c31b47b009ee51b09
    navbar/sort/updated: 8aa8ff2dc2977ca4b269e80a513100b4
    navbar/sort/updatedOldest: 289153c11b746d64d04331341e78cf4b
    navbar/sort/created: 6045b4ff97fb7dca19ebadfa2e34a700
    navbar/sort/createdOldest: 486f58977bca757895e6e2e0ddea6e84
    navbar/sort/title: 344e64395eaff6822a57d18623853e1a
    navbar/sort/titleDesc: 698351eb9c1669f8eae7e2a71b11c3ed
    item/pinned: 04b68f35d345f523e3bbbeac180b99b7
    item/unpinned: 5ed8dbea34c3bf19942485f78a2d4dfb
    item/recrawlRequested: 220f201fc12b958566f890f445ce5ee5
    item/actions: 27af65371190e767493ba9b3f276c291
    item/pin: e67f6931f858d0a348f4145e2649b3cf
    item/unpin: 955a06674c944718bf9f2f242b04bc9f
    item/recrawlImage: 023d4e080dabe3324a56afb5113c420f
    item/pinAria: 99a5113cb50f78fd486ce89d59a373b1
    item/unpinAria: 01a21edc47a254757647db9ff486fb34
    tag/selectWorkspace: 0ad989c23616c6a04faf23d9e63ed3f3
    tag/editMode: 3cd82739c456a46390ed37d85b3dd72f
    tag/expandSidebar: bb39e02ee97f75685875d0b1c89b9c91
    tag/collapseSidebar: 8bd57070a13fce43a5c2af0d70148784
    modal/item/updated: d48950571752f11caa24c62a34c29a4e
    modal/item/created: 3cfdeb6f6de951d6f8b41d27f5f9ae90
    modal/item/deleted: c795144e95cc984b86069b9a85d442b4
    modal/item/editTitle: 655d4a38e778a6cf0b98224d0b53969a
    modal/item/createTitle: d2850ca56ebe65c85ff767cea1e5d048
    modal/item/urlLabel: 5d95150588b4e86981788b147165dbe6
    modal/item/editManually: 3c1c00df3299f042bcbe98e5fe9b076f
    modal/item/helpText: ffaff00a10b569d294fc76a573116247
    modal/item/nameLabel: ef7138ac4635579f342b942154b4abd2
    modal/item/namePlaceholder: be66a773dd3dbd5f2b3ab3d95b638729
    modal/item/descriptionLabel: 1362147b9f2073b66a705336a6ff60bb
    modal/item/descriptionPlaceholder: 4c5cb1323d80dd61efc62939d2289055
    modal/item/tagsLabel: bc617bf066b1e8a5c34713125d7388cf
    modal/item/tagSearchPlaceholder: 8ae5766ef13c8d56564b648dee293774
    modal/tag/updated: 7ee797c2e1e26bbe2f311d9d90fea22f
    modal/tag/created: c43c73afccaf289fa8dbe11315c17830
    modal/tag/deleted: 84ef68b95c1bfdc762baf8b8fb3c4abc
    modal/tag/editTitle: f9aecb918b21edc0158949065c981440
    modal/tag/createTitle: a0e109649cbf4e6fcacbe02ef4c50c88
    modal/tag/nameLabel: 5ef73f7f8bf22604482224265abe0440
    modal/tag/namePlaceholder: 628ceac7efef89983c8359a99c67ec31
    modal/tag/colorLabel: 9d53d1d120e8b8954bcae9a322573748
    modal/workspace/updated: 2c9b1b7d43f6ca630dd637d0bcd7b921
    modal/workspace/created: 59919db47aa4ad996de3122cfc78e32e
    modal/workspace/deleted: 6698fa3975836e72835e8b73efae51ae
    modal/workspace/editTitle: 9e23c046d5feae2d6e4927818f1be6c8
    modal/workspace/createTitle: d0c196e19cbde86872848d529cbb6196
    modal/workspace/nameLabel: 855614bbf862fd6a9f6a3e76943f92d4
    modal/workspace/namePlaceholder: b2fc052f7cd059b93450f65e034e7456
    modal/workspace/membersLabel: 0932e80cba1e3e0a7f52bb67ff31da32
    modal/workspace/permissionSelect: f7b13047f13b74e8002447b20391520b
    modal/workspace/removeButton: dba2fe5fe9f83f8078c687f28cba4b52
    modal/workspace/usernamePlaceholder: 2ee65bc2dd2f12cf2672f95b2a054bf8
    modal/workspace/newUserUsername: d8fc404d6f978f50a173c77cc2ce42a9
    modal/workspace/table/user: 61073457a5c3901084b557d065f876be
    modal/workspace/table/permissionLevel: 53743bbb6ca938f5b893552e839d067f
    modal/workspace/table/action: c92af0bdf1698b0d10cf5b28d2ad4945
    modal/workspace/permission/read: 2494ca23d10e5b6381eb271aceeb5270
    modal/workspace/permission/write: 0c8cd5e85bbf4a4ef271c6df37736df3
    modal/workspace/permission/admin: 90eb20f1400db82ab874744e47836dc6
    modal/workspace/errors/emptyUsername: 194e91f86577363420e632828c7c55ff
    modal/workspace/errors/duplicateMember: 297124eefe6a8d87d30d57ad99cc2522
    modal/preferences/title: d25b4bf77ce39febd282106e123c682f
    modal/preferences/currentPasswordLabel: 6fd6e34a5137a2432dda7add98083964
    modal/preferences/newPasswordLabel: c3e35b0671004c7bbd9fa9b9654744d7
    modal/preferences/submitButton: fe6d4ba303b82f4833b3293f0c4e88c0
    modal/preferences/changedPassword: 1e37cd28aca23bb40e03a9d33a2dc280
    modal/admin/user/updated: d1156866ed64fb146b7715956105bc06
    modal/admin/user/created: 32d93c8216ce6cd2e2b29ed9b1e78e19
    modal/admin/user/editTitle: 623af98ff0e72e908637957d75fb032b
    modal/admin/user/createTitle: d833c76d9ac048f45c2854650bb58c6f
    modal/admin/user/usernameLabel: b22f1bf369cd97e8de26f32e09b3b486
    modal/admin/user/usernamePlaceholder: 0bf4e496e47c08dfc0b50c8aa51ab7e3
    modal/admin/user/passwordLabel: b1cb44676fb56785db59a5c4c01310cd
    modal/admin/user/adminCheckbox: 0553c8a3b83d113a6f8ebb0882aefb69
